{
  "name": "rcon-client",
  "version": "5.0.0-alpha.0",
  "lockfileVersion": 1,
  "requires": true,
  "dependencies": {
    "@types/node": {
      "version": "12.12.62",
      "resolved": "https://registry.npmjs.org/@types/node/-/node-12.12.62.tgz",
      "integrity": "sha512-qAfo81CsD7yQIM9mVyh6B/U47li5g7cfpVQEDMfQeF8pSZVwzbhwU3crc0qG4DmpsebpJPR49AKOExQyJ05Cpg==",
      "dev": true
    },
    "typed-emitter": {
      "version": "1.3.0",
      "resolved": "https://registry.npmjs.org/typed-emitter/-/typed-emitter-1.3.0.tgz",
      "integrity": "sha512-sLA7oQv0OUgAbbWeadAm8OpzssufUxXof6O50JaBX6guZrRi2XbhCdKO321TleFN45oL/WdiR1UsKF6eUTwpZg=="
    },
    "typescript": {
      "version": "4.0.3",
      "resolved": "https://registry.npmjs.org/typescript/-/typescript-4.0.3.tgz",
      "integrity": "sha512-tEu6DGxGgRJPb/mVPIZ48e69xCn2yRmCgYmDugAVwmJ6o+0u1RI18eO7E7WBTLYLaEVVOhwQmcdhQHweux/WPg==",
      "dev": true
    }
  }
}
